
Microsoft Visual Studio Solution File, Format Version 12.00
# Visual Studio 14
VisualStudioVersion = 14.0.25420.1
MinimumVisualStudioVersion = 10.0.40219.1
Project("{FAE04EC0-301F-11D3-BF4B-00C04F79EFBC}") = "LibraryMVC", "LibraryMVC\LibraryMVC.csproj", "{B7B98C7D-4DAA-4523-82E8-65C3C9B96C27}"
EndProject
Project("{FAE04EC0-301F-11D3-BF4B-00C04F79EFBC}") = "DataService", "DataService\DataService.csproj", "{ECC1B856-0367-4073-9468-B835C4A00E93}"
EndProject
Project("{FAE04EC0-301F-11D3-BF4B-00C04F79EFBC}") = "WebModelService", "WebModelService\WebModelService.csproj", "{565249FC-46ED-472E-A1E3-AD7EB81FB4F0}"
EndProject
Global
	GlobalSection(SolutionConfigurationPlatforms) = preSolution
		Debug|Any CPU = Debug|Any CPU
		Release|Any CPU = Release|Any CPU
	EndGlobalSection
	GlobalSection(ProjectConfigurationPlatforms) = postSolution
		{B7B98C7D-4DAA-4523-82E8-65C3C9B96C27}.Debug|Any CPU.ActiveCfg = Debug|Any CPU
		{B7B98C7D-4DAA-4523-82E8-65C3C9B96C27}.Debug|Any CPU.Build.0 = Debug|Any CPU
		{B7B98C7D-4DAA-4523-82E8-65C3C9B96C27}.Release|Any CPU.ActiveCfg = Release|Any CPU
		{B7B98C7D-4DAA-4523-82E8-65C3C9B96C27}.Release|Any CPU.Build.0 = Release|Any CPU
		{ECC1B856-0367-4073-9468-B835C4A00E93}.Debug|Any CPU.ActiveCfg = Debug|Any CPU
		{ECC1B856-0367-4073-9468-B835C4A00E93}.Debug|Any CPU.Build.0 = Debug|Any CPU
		{ECC1B856-0367-4073-9468-B835C4A00E93}.Release|Any CPU.ActiveCfg = Release|Any CPU
		{ECC1B856-0367-4073-9468-B835C4A00E93}.Release|Any CPU.Build.0 = Release|Any CPU
		{565249FC-46ED-472E-A1E3-AD7EB81FB4F0}.Debug|Any CPU.ActiveCfg = Debug|Any CPU
		{565249FC-46ED-472E-A1E3-AD7EB81FB4F0}.Debug|Any CPU.Build.0 = Debug|Any CPU
		{565249FC-46ED-472E-A1E3-AD7EB81FB4F0}.Release|Any CPU.ActiveCfg = Release|Any CPU
		{565249FC-46ED-472E-A1E3-AD7EB81FB4F0}.Release|Any CPU.Build.0 = Release|Any CPU
	EndGlobalSection
	GlobalSection(SolutionProperties) = preSolution
		HideSolutionNode = FALSE
	EndGlobalSection
EndGlobal
